
Microsoft Visual Studio Solution File, Format Version 12.00
# Visual Studio Version 17
VisualStudioVersion = 17.0.31903.59
Project("{FAE04EC0-301F-11D3-BF4B-00C04F79EFBC}") = "LoveLetter", "backend\LoveLetter.csproj", "{AEE82E0C-ADA1-4620-9C57-EAA704E896A9}"
EndProject
Global
	GlobalSection(SolutionConfigurationPlatforms) = preSolution
		Debug|Any CPU = Debug|Any CPU
		Release|Any CPU = Release|Any CPU
	EndGlobalSection
	GlobalSection(ProjectConfigurationPlatforms) = postSolution
		{AEE82E0C-ADA1-4620-9C57-EAA704E896A9}.Debug|Any CPU.ActiveCfg = Debug|Any CPU
		{AEE82E0C-ADA1-4620-9C57-EAA704E896A9}.Debug|Any CPU.Build.0 = Debug|Any CPU
		{AEE82E0C-ADA1-4620-9C57-EAA704E896A9}.Release|Any CPU.ActiveCfg = Release|Any CPU
		{AEE82E0C-ADA1-4620-9C57-EAA704E896A9}.Release|Any CPU.Build.0 = Release|Any CPU
	EndGlobalSection
EndGlobal
